lockfileVersion: '9.0'

settings:
  autoInstallPeers: true
  excludeLinksFromLockfile: false

importers:

  .:
    dependencies:
      '@clack/prompts':
        specifier: ^1.1.0
        version: 1.1.0
      fflate:
        specifier: ^0.8.2
        version: 0.8.2

packages:

  '@clack/core@1.1.0':
    resolution: {integrity: sha512-SVcm4Dqm2ukn64/8Gub2wnlA5nS2iWJyCkdNHcvNHPIeBTGojpdJ+9cZKwLfmqy7irD4N5qLteSilJlE0WLAtA==}

  '@clack/prompts@1.1.0':
    resolution: {integrity: sha512-pkqbPGtohJAvm4Dphs2M8xE29ggupihHdy1x84HNojZuMtFsHiUlRvqD24tM2+XmI+61LlfNceM3Wr7U5QES5g==}

  fflate@0.8.2:
    resolution: {integrity: sha512-cPJU47OaAoCbg0pBvzsgpTPhmhqI5eJjh/JIu8tPj5q+T7iLvW/JAYUqmE7KOB4R1ZyEhzBaIQpQpardBF5z8A==}

  sisteransi@1.0.5:
    resolution: {integrity: sha512-bLGGlR1QxBcynn2d5YmDX4MGjlZvy2MRBDRNHLJ8VI6l6+9FUiyTFNJ0IveOSP0bcXgVDPRcfGqA0pjaqUpfVg==}

snapshots:

  '@clack/core@1.1.0':
    dependencies:
      sisteransi: 1.0.5

  '@clack/prompts@1.1.0':
    dependencies:
      '@clack/core': 1.1.0
      sisteransi: 1.0.5

  fflate@0.8.2: {}

  sisteransi@1.0.5: {}
